
Microsoft Visual Studio Solution File, Format Version 12.00
# Visual Studio Version 17
VisualStudioVersion = 17.0.31903.59
MinimumVisualStudioVersion = 10.0.40219.1
Project("{FAE04EC0-301F-11D3-BF4B-00C04F79EFBC}") = "ClubProcessor", "ClubProcessor\ClubProcessor.csproj", "{5EFE880A-86CD-4AA6-9276-A2FF3AD22FD1}"
EndProject
Project("{FAE04EC0-301F-11D3-BF4B-00C04F79EFBC}") = "ClubProcessor.Tests", "ClubProcessor.Tests\ClubProcessor.Tests.csproj", "{D8F48B57-980D-45D1-89E7-50EA74C53CEF}"
EndProject
Project("{FAE04EC0-301F-11D3-BF4B-00C04F79EFBC}") = "EventProcessor.Tests", "EventProcessor.Tests\EventProcessor.Tests.csproj", "{2FC7CB5B-B736-4964-97C7-67A55BDD6B4A}"
EndProject
Project("{FAE04EC0-301F-11D3-BF4B-00C04F79EFBC}") = "ClubProcessor.Models.Tests", "ClubProcessor.Models.Tests\ClubProcessor.Models.Tests.csproj", "{2B9CBFEF-86F0-4E23-871C-2A37727E628C}"
EndProject
Project("{FAE04EC0-301F-11D3-BF4B-00C04F79EFBC}") = "ClubSiteGenerator", "ClubSiteGenerator\ClubSiteGenerator.csproj", "{E4BDE195-5B85-4570-B860-6A95634048D9}"
EndProject
Global
	GlobalSection(SolutionConfigurationPlatforms) = preSolution
		Debug|Any CPU = Debug|Any CPU
		Debug|x64 = Debug|x64
		Debug|x86 = Debug|x86
		Release|Any CPU = Release|Any CPU
		Release|x64 = Release|x64
		Release|x86 = Release|x86
	EndGlobalSection
	GlobalSection(ProjectConfigurationPlatforms) = postSolution
		{5EFE880A-86CD-4AA6-9276-A2FF3AD22FD1}.Debug|Any CPU.ActiveCfg = Debug|Any CPU
		{5EFE880A-86CD-4AA6-9276-A2FF3AD22FD1}.Debug|Any CPU.Build.0 = Debug|Any CPU
		{5EFE880A-86CD-4AA6-9276-A2FF3AD22FD1}.Debug|x64.ActiveCfg = Debug|Any CPU
		{5EFE880A-86CD-4AA6-9276-A2FF3AD22FD1}.Debug|x64.Build.0 = Debug|Any CPU
		{5EFE880A-86CD-4AA6-9276-A2FF3AD22FD1}.Debug|x86.ActiveCfg = Debug|Any CPU
		{5EFE880A-86CD-4AA6-9276-A2FF3AD22FD1}.Debug|x86.Build.0 = Debug|Any CPU
		{5EFE880A-86CD-4AA6-9276-A2FF3AD22FD1}.Release|Any CPU.ActiveCfg = Release|Any CPU
		{5EFE880A-86CD-4AA6-9276-A2FF3AD22FD1}.Release|Any CPU.Build.0 = Release|Any CPU
		{5EFE880A-86CD-4AA6-9276-A2FF3AD22FD1}.Release|x64.ActiveCfg = Release|Any CPU
		{5EFE880A-86CD-4AA6-9276-A2FF3AD22FD1}.Release|x64.Build.0 = Release|Any CPU
		{5EFE880A-86CD-4AA6-9276-A2FF3AD22FD1}.Release|x86.ActiveCfg = Release|Any CPU
		{5EFE880A-86CD-4AA6-9276-A2FF3AD22FD1}.Release|x86.Build.0 = Release|Any CPU
		{D8F48B57-980D-45D1-89E7-50EA74C53CEF}.Debug|Any CPU.ActiveCfg = Debug|Any CPU
		{D8F48B57-980D-45D1-89E7-50EA74C53CEF}.Debug|Any CPU.Build.0 = Debug|Any CPU
		{D8F48B57-980D-45D1-89E7-50EA74C53CEF}.Debug|x64.ActiveCfg = Debug|Any CPU
		{D8F48B57-980D-45D1-89E7-50EA74C53CEF}.Debug|x64.Build.0 = Debug|Any CPU
		{D8F48B57-980D-45D1-89E7-50EA74C53CEF}.Debug|x86.ActiveCfg = Debug|Any CPU
		{D8F48B57-980D-45D1-89E7-50EA74C53CEF}.Debug|x86.Build.0 = Debug|Any CPU
		{D8F48B57-980D-45D1-89E7-50EA74C53CEF}.Release|Any CPU.ActiveCfg = Release|Any CPU
		{D8F48B57-980D-45D1-89E7-50EA74C53CEF}.Release|Any CPU.Build.0 = Release|Any CPU
		{D8F48B57-980D-45D1-89E7-50EA74C53CEF}.Release|x64.ActiveCfg = Release|Any CPU
		{D8F48B57-980D-45D1-89E7-50EA74C53CEF}.Release|x64.Build.0 = Release|Any CPU
		{D8F48B57-980D-45D1-89E7-50EA74C53CEF}.Release|x86.ActiveCfg = Release|Any CPU
		{D8F48B57-980D-45D1-89E7-50EA74C53CEF}.Release|x86.Build.0 = Release|Any CPU
		{2FC7CB5B-B736-4964-97C7-67A55BDD6B4A}.Debug|Any CPU.ActiveCfg = Debug|Any CPU
		{2FC7CB5B-B736-4964-97C7-67A55BDD6B4A}.Debug|Any CPU.Build.0 = Debug|Any CPU
		{2FC7CB5B-B736-4964-97C7-67A55BDD6B4A}.Debug|x64.ActiveCfg = Debug|Any CPU
		{2FC7CB5B-B736-4964-97C7-67A55BDD6B4A}.Debug|x64.Build.0 = Debug|Any CPU
		{2FC7CB5B-B736-4964-97C7-67A55BDD6B4A}.Debug|x86.ActiveCfg = Debug|Any CPU
		{2FC7CB5B-B736-4964-97C7-67A55BDD6B4A}.Debug|x86.Build.0 = Debug|Any CPU
		{2FC7CB5B-B736-4964-97C7-67A55BDD6B4A}.Release|Any CPU.ActiveCfg = Release|Any CPU
		{2FC7CB5B-B736-4964-97C7-67A55BDD6B4A}.Release|Any CPU.Build.0 = Release|Any CPU
		{2FC7CB5B-B736-4964-97C7-67A55BDD6B4A}.Release|x64.ActiveCfg = Release|Any CPU
		{2FC7CB5B-B736-4964-97C7-67A55BDD6B4A}.Release|x64.Build.0 = Release|Any CPU
		{2FC7CB5B-B736-4964-97C7-67A55BDD6B4A}.Release|x86.ActiveCfg = Release|Any CPU
		{2FC7CB5B-B736-4964-97C7-67A55BDD6B4A}.Release|x86.Build.0 = Release|Any CPU
		{2B9CBFEF-86F0-4E23-871C-2A37727E628C}.Debug|Any CPU.ActiveCfg = Debug|Any CPU
		{2B9CBFEF-86F0-4E23-871C-2A37727E628C}.Debug|Any CPU.Build.0 = Debug|Any CPU
		{2B9CBFEF-86F0-4E23-871C-2A37727E628C}.Debug|x64.ActiveCfg = Debug|Any CPU
		{2B9CBFEF-86F0-4E23-871C-2A37727E628C}.Debug|x64.Build.0 = Debug|Any CPU
		{2B9CBFEF-86F0-4E23-871C-2A37727E628C}.Debug|x86.ActiveCfg = Debug|Any CPU
		{2B9CBFEF-86F0-4E23-871C-2A37727E628C}.Debug|x86.Build.0 = Debug|Any CPU
		{2B9CBFEF-86F0-4E23-871C-2A37727E628C}.Release|Any CPU.ActiveCfg = Release|Any CPU
		{2B9CBFEF-86F0-4E23-871C-2A37727E628C}.Release|Any CPU.Build.0 = Release|Any CPU
		{2B9CBFEF-86F0-4E23-871C-2A37727E628C}.Release|x64.ActiveCfg = Release|Any CPU
		{2B9CBFEF-86F0-4E23-871C-2A37727E628C}.Release|x64.Build.0 = Release|Any CPU
		{2B9CBFEF-86F0-4E23-871C-2A37727E628C}.Release|x86.ActiveCfg = Release|Any CPU
		{2B9CBFEF-86F0-4E23-871C-2A37727E628C}.Release|x86.Build.0 = Release|Any CPU
		{E4BDE195-5B85-4570-B860-6A95634048D9}.Debug|Any CPU.ActiveCfg = Debug|Any CPU
		{E4BDE195-5B85-4570-B860-6A95634048D9}.Debug|Any CPU.Build.0 = Debug|Any CPU
		{E4BDE195-5B85-4570-B860-6A95634048D9}.Debug|x64.ActiveCfg = Debug|Any CPU
		{E4BDE195-5B85-4570-B860-6A95634048D9}.Debug|x64.Build.0 = Debug|Any CPU
		{E4BDE195-5B85-4570-B860-6A95634048D9}.Debug|x86.ActiveCfg = Debug|Any CPU
		{E4BDE195-5B85-4570-B860-6A95634048D9}.Debug|x86.Build.0 = Debug|Any CPU
		{E4BDE195-5B85-4570-B860-6A95634048D9}.Release|Any CPU.ActiveCfg = Release|Any CPU
		{E4BDE195-5B85-4570-B860-6A95634048D9}.Release|Any CPU.Build.0 = Release|Any CPU
		{E4BDE195-5B85-4570-B860-6A95634048D9}.Release|x64.ActiveCfg = Release|Any CPU
		{E4BDE195-5B85-4570-B860-6A95634048D9}.Release|x64.Build.0 = Release|Any CPU
		{E4BDE195-5B85-4570-B860-6A95634048D9}.Release|x86.ActiveCfg = Release|Any CPU
		{E4BDE195-5B85-4570-B860-6A95634048D9}.Release|x86.Build.0 = Release|Any CPU
	EndGlobalSection
	GlobalSection(SolutionProperties) = preSolution
		HideSolutionNode = FALSE
	EndGlobalSection
	GlobalSection(ExtensibilityGlobals) = postSolution
		SolutionGuid = {AA85F478-C532-455D-8B49-1C9A0E822528}
	EndGlobalSection
EndGlobal
